
Microsoft Visual Studio Solution File, Format Version 12.00
# Visual Studio Version 17
VisualStudioVersion = 17.1.32328.378
MinimumVisualStudioVersion = 10.0.40219.1
Project("{FAE04EC0-301F-11D3-BF4B-00C04F79EFBC}") = "quadraticRoots", "quadraticRoots\quadraticRoots.csproj", "{89EAD2AE-854B-4AB5-825A-C5F1436A90EE}"
EndProject
Global
	GlobalSection(SolutionConfigurationPlatforms) = preSolution
		Debug|Any CPU = Debug|Any CPU
		Release|Any CPU = Release|Any CPU
	EndGlobalSection
	GlobalSection(ProjectConfigurationPlatforms) = postSolution
		{89EAD2AE-854B-4AB5-825A-C5F1436A90EE}.Debug|Any CPU.ActiveCfg = Debug|Any CPU
		{89EAD2AE-854B-4AB5-825A-C5F1436A90EE}.Debug|Any CPU.Build.0 = Debug|Any CPU
		{89EAD2AE-854B-4AB5-825A-C5F1436A90EE}.Release|Any CPU.ActiveCfg = Release|Any CPU
		{89EAD2AE-854B-4AB5-825A-C5F1436A90EE}.Release|Any CPU.Build.0 = Release|Any CPU
	EndGlobalSection
	GlobalSection(SolutionProperties) = preSolution
		HideSolutionNode = FALSE
	EndGlobalSection
	GlobalSection(ExtensibilityGlobals) = postSolution
		SolutionGuid = {A4835298-B3A8-46ED-B6D0-448FAA400006}
	EndGlobalSection
EndGlobal
